
Microsoft Visual Studio Solution File, Format Version 12.00
# Visual Studio Version 17
VisualStudioVersion = 17.14.36221.1 d17.14
MinimumVisualStudioVersion = 10.0.40219.1
Project("{FAE04EC0-301F-11D3-BF4B-00C04F79EFBC}") = "StructureComparePick", "StructureComparePick.csproj", "{8CF03AC8-9EAB-484B-871E-C86D60C1BEB0}"
EndProject
Global
	GlobalSection(SolutionConfigurationPlatforms) = preSolution
		Debug|x64 = Debug|x64
		Release|x64 = Release|x64
	EndGlobalSection
	GlobalSection(ProjectConfigurationPlatforms) = postSolution
		{8CF03AC8-9EAB-484B-871E-C86D60C1BEB0}.Debug|x64.ActiveCfg = Debug|x64
		{8CF03AC8-9EAB-484B-871E-C86D60C1BEB0}.Debug|x64.Build.0 = Debug|x64
		{8CF03AC8-9EAB-484B-871E-C86D60C1BEB0}.Release|x64.ActiveCfg = Release|x64
		{8CF03AC8-9EAB-484B-871E-C86D60C1BEB0}.Release|x64.Build.0 = Release|x64
	EndGlobalSection
	GlobalSection(SolutionProperties) = preSolution
		HideSolutionNode = FALSE
	EndGlobalSection
	GlobalSection(ExtensibilityGlobals) = postSolution
		SolutionGuid = {F15066CE-0E80-4813-9D21-E061D0B80DE8}
	EndGlobalSection
EndGlobal
